
Microsoft Visual Studio Solution File, Format Version 12.00
Project("{FAE04EC0-301F-11D3-BF4B-00C04F79EFBC}") = "ClientChat", "ClientChat\ClientChat.csproj", "{D3F5F3AA-FA5A-4705-BDED-7795D4CB46EA}"
EndProject
Project("{FAE04EC0-301F-11D3-BF4B-00C04F79EFBC}") = "ServerChat", "ServerChat\ServerChat.csproj", "{61803CE4-1F23-4E12-892A-2DF8F412FB69}"
EndProject
Global
	GlobalSection(SolutionConfigurationPlatforms) = preSolution
		Debug|Any CPU = Debug|Any CPU
		Release|Any CPU = Release|Any CPU
	EndGlobalSection
	GlobalSection(ProjectConfigurationPlatforms) = postSolution
		{D3F5F3AA-FA5A-4705-BDED-7795D4CB46EA}.Debug|Any CPU.ActiveCfg = Debug|Any CPU
		{D3F5F3AA-FA5A-4705-BDED-7795D4CB46EA}.Debug|Any CPU.Build.0 = Debug|Any CPU
		{D3F5F3AA-FA5A-4705-BDED-7795D4CB46EA}.Release|Any CPU.ActiveCfg = Release|Any CPU
		{D3F5F3AA-FA5A-4705-BDED-7795D4CB46EA}.Release|Any CPU.Build.0 = Release|Any CPU
		{61803CE4-1F23-4E12-892A-2DF8F412FB69}.Debug|Any CPU.ActiveCfg = Debug|Any CPU
		{61803CE4-1F23-4E12-892A-2DF8F412FB69}.Debug|Any CPU.Build.0 = Debug|Any CPU
		{61803CE4-1F23-4E12-892A-2DF8F412FB69}.Release|Any CPU.ActiveCfg = Release|Any CPU
		{61803CE4-1F23-4E12-892A-2DF8F412FB69}.Release|Any CPU.Build.0 = Release|Any CPU
	EndGlobalSection
EndGlobal
